
Microsoft Visual Studio Solution File, Format Version 12.00
# Visual Studio Version 17
VisualStudioVersion = 17.3.32929.385
MinimumVisualStudioVersion = 10.0.40219.1
Project("{9A19103F-16F7-4668-BE54-9A1E7A4F7556}") = "ApplicationBackend", "ApplicationBackend\ApplicationBackend.csproj", "{9AED3799-2CFF-48B1-90B0-B9CBC8A99FBC}"
EndProject
Project("{FAE04EC0-301F-11D3-BF4B-00C04F79EFBC}") = "InfrastructureAPP", "InfrastructureAPP\InfrastructureAPP.csproj", "{06D47F78-774B-4A6C-AC9B-C60FFA7695C1}"
EndProject
Project("{FAE04EC0-301F-11D3-BF4B-00C04F79EFBC}") = "BusinessAPP", "BusinessAPP\BusinessAPP.csproj", "{9F6E05EF-C691-4B86-BA3A-D8D1B2ACF133}"
EndProject
Project("{FAE04EC0-301F-11D3-BF4B-00C04F79EFBC}") = "APIs", "APIs\APIs.csproj", "{497C9E8B-296E-4BAF-AEC5-6322C7528F98}"
EndProject
Global
	GlobalSection(SolutionConfigurationPlatforms) = preSolution
		Debug|Any CPU = Debug|Any CPU
		Release|Any CPU = Release|Any CPU
	EndGlobalSection
	GlobalSection(ProjectConfigurationPlatforms) = postSolution
		{9AED3799-2CFF-48B1-90B0-B9CBC8A99FBC}.Debug|Any CPU.ActiveCfg = Debug|Any CPU
		{9AED3799-2CFF-48B1-90B0-B9CBC8A99FBC}.Debug|Any CPU.Build.0 = Debug|Any CPU
		{9AED3799-2CFF-48B1-90B0-B9CBC8A99FBC}.Release|Any CPU.ActiveCfg = Release|Any CPU
		{9AED3799-2CFF-48B1-90B0-B9CBC8A99FBC}.Release|Any CPU.Build.0 = Release|Any CPU
		{06D47F78-774B-4A6C-AC9B-C60FFA7695C1}.Debug|Any CPU.ActiveCfg = Debug|Any CPU
		{06D47F78-774B-4A6C-AC9B-C60FFA7695C1}.Debug|Any CPU.Build.0 = Debug|Any CPU
		{06D47F78-774B-4A6C-AC9B-C60FFA7695C1}.Release|Any CPU.ActiveCfg = Release|Any CPU
		{06D47F78-774B-4A6C-AC9B-C60FFA7695C1}.Release|Any CPU.Build.0 = Release|Any CPU
		{9F6E05EF-C691-4B86-BA3A-D8D1B2ACF133}.Debug|Any CPU.ActiveCfg = Debug|Any CPU
		{9F6E05EF-C691-4B86-BA3A-D8D1B2ACF133}.Debug|Any CPU.Build.0 = Debug|Any CPU
		{9F6E05EF-C691-4B86-BA3A-D8D1B2ACF133}.Release|Any CPU.ActiveCfg = Release|Any CPU
		{9F6E05EF-C691-4B86-BA3A-D8D1B2ACF133}.Release|Any CPU.Build.0 = Release|Any CPU
		{497C9E8B-296E-4BAF-AEC5-6322C7528F98}.Debug|Any CPU.ActiveCfg = Debug|Any CPU
		{497C9E8B-296E-4BAF-AEC5-6322C7528F98}.Debug|Any CPU.Build.0 = Debug|Any CPU
		{497C9E8B-296E-4BAF-AEC5-6322C7528F98}.Release|Any CPU.ActiveCfg = Release|Any CPU
		{497C9E8B-296E-4BAF-AEC5-6322C7528F98}.Release|Any CPU.Build.0 = Release|Any CPU
	EndGlobalSection
	GlobalSection(SolutionProperties) = preSolution
		HideSolutionNode = FALSE
	EndGlobalSection
	GlobalSection(ExtensibilityGlobals) = postSolution
		SolutionGuid = {4B95FB42-FF6C-4CB6-9569-A22960103B1F}
	EndGlobalSection
EndGlobal
